
Microsoft Visual Studio Solution File, Format Version 12.00
# Visual Studio Version 16
VisualStudioVersion = 16.0.33927.289
MinimumVisualStudioVersion = 10.0.40219.1
Project("{9A19103F-16F7-4668-BE54-9A1E7A4F7556}") = "ActionConditionalChecker.Contracts", "ActionConditionalChecker.Contracts.csproj", "{2C12E7AB-AEC7-41E0-A6A4-2A04477F0840}"
EndProject
Global
	GlobalSection(SolutionConfigurationPlatforms) = preSolution
		Debug|Any CPU = Debug|Any CPU
		Release|Any CPU = Release|Any CPU
	EndGlobalSection
	GlobalSection(ProjectConfigurationPlatforms) = postSolution
		{2C12E7AB-AEC7-41E0-A6A4-2A04477F0840}.Debug|Any CPU.ActiveCfg = Debug|Any CPU
		{2C12E7AB-AEC7-41E0-A6A4-2A04477F0840}.Debug|Any CPU.Build.0 = Debug|Any CPU
		{2C12E7AB-AEC7-41E0-A6A4-2A04477F0840}.Release|Any CPU.ActiveCfg = Release|Any CPU
		{2C12E7AB-AEC7-41E0-A6A4-2A04477F0840}.Release|Any CPU.Build.0 = Release|Any CPU
	EndGlobalSection
	GlobalSection(SolutionProperties) = preSolution
		HideSolutionNode = FALSE
	EndGlobalSection
	GlobalSection(ExtensibilityGlobals) = postSolution
		SolutionGuid = {FA81E045-A078-4A16-A18F-62590DCC7D50}
	EndGlobalSection
EndGlobal
